// !$*UTF8*$!
{
	archiveVersion = 1;
	classes = {
	};
	objectVersion = 50;
	objects = {

/* Begin PBXBuildFile section */
		F257162F257757C60065A004 /* AppDelegate.swift in Sources */ = {isa = PBXBuildFile; fileRef = F257162E257757C60065A004 /* AppDelegate.swift */; };
		F2571631257757C60065A004 /* SceneDelegate.swift in Sources */ = {isa = PBXBuildFile; fileRef = F2571630257757C60065A004 /* SceneDelegate.swift */; };
		F2571633257757C60065A004 /* ViewController.swift in Sources */ = {isa = PBXBuildFile; fileRef = F2571632257757C60065A004 /* ViewController.swift */; };
		F2571636257757C60065A004 /* Main.storyboard in Resources */ = {isa = PBXBuildFile; fileRef = F2571634257757C60065A004 /* Main.storyboard */; };
		F2571638257757C70065A004 /* Assets.xcassets in Resources */ = {isa = PBXBuildFile; fileRef = F2571637257757C70065A004 /* Assets.xcassets */; };
		F257163B257757C70065A004 /* LaunchScreen.storyboard in Resources */ = {isa = PBXBuildFile; fileRef = F2571639257757C70065A004 /* LaunchScreen.storyboard */; };
		F257164A257758310065A004 /* WeatherItem.swift in Sources */ = {isa = PBXBuildFile; fileRef = F2571649257758310065A004 /* WeatherItem.swift */; };
		F25716502577585F0065A004 /* WeatherJson.swift in Sources */ = {isa = PBXBuildFile; fileRef = F257164F2577585F0065A004 /* WeatherJson.swift */; };
		F25716532577587D0065A004 /* WeatherModel.swift in Sources */ = {isa = PBXBuildFile; fileRef = F25716522577587D0065A004 /* WeatherModel.swift */; };
		F2571656257758A50065A004 /* WeatherRequestManager.swift in Sources */ = {isa = PBXBuildFile; fileRef = F2571655257758A50065A004 /* WeatherRequestManager.swift */; };
		F2BEBFAC2579820C00474CC5 /* SF-Compact-Display-Bold.otf in Resources */ = {isa = PBXBuildFile; fileRef = F2BEBFAB2579820C00474CC5 /* SF-Compact-Display-Bold.otf */; };
		F2BEBFAF25798E5600474CC5 /* SF-Compact-Display-Medium.otf in Resources */ = {isa = PBXBuildFile; fileRef = F2BEBFAE25798E5600474CC5 /* SF-Compact-Display-Medium.otf */; };
/* End PBXBuildFile section */

/* Begin PBXFileReference section */
		F257162B257757C60065A004 /* MyWeather2.app */ = {isa = PBXFileReference; explicitFileType = wrapper.application; includeInIndex = 0; path = MyWeather2.app; sourceTree = BUILT_PRODUCTS_DIR; };
		F257162E257757C60065A004 /* AppDelegate.swift */ = {isa = PBXFileReference; lastKnownFileType = sourcecode.swift; path = AppDelegate.swift; sourceTree = "<group>"; };
		F2571630257757C60065A004 /* SceneDelegate.swift */ = {isa = PBXFileReference; lastKnownFileType = sourcecode.swift; path = SceneDelegate.swift; sourceTree = "<group>"; };
		F2571632257757C60065A004 /* ViewController.swift */ = {isa = PBXFileReference; lastKnownFileType = sourcecode.swift; path = ViewController.swift; sourceTree = "<group>"; };
		F2571635257757C60065A004 /* Base */ = {isa = PBXFileReference; lastKnownFileType = file.storyboard; name = Base; path = Base.lproj/Main.storyboard; sourceTree = "<group>"; };
		F2571637257757C70065A004 /* Assets.xcassets */ = {isa = PBXFileReference; lastKnownFileType = folder.assetcatalog; path = Assets.xcassets; sourceTree = "<group>"; };
		F257163A257757C70065A004 /* Base */ = {isa = PBXFileReference; lastKnownFileType = file.storyboard; name = Base; path = Base.lproj/LaunchScreen.storyboard; sourceTree = "<group>"; };
		F257163C257757C70065A004 /* Info.plist */ = {isa = PBXFileReference; lastKnownFileType = text.plist.xml; path = Info.plist; sourceTree = "<group>"; };
		F2571649257758310065A004 /* WeatherItem.swift */ = {isa = PBXFileReference; lastKnownFileType = sourcecode.swift; path = WeatherItem.swift; sourceTree = "<group>"; };
		F257164F2577585F0065A004 /* WeatherJson.swift */ = {isa = PBXFileReference; lastKnownFileType = sourcecode.swift; path = WeatherJson.swift; sourceTree = "<group>"; };
		F25716522577587D0065A004 /* WeatherModel.swift */ = {isa = PBXFileReference; lastKnownFileType = sourcecode.swift; path = WeatherModel.swift; sourceTree = "<group>"; };
		F2571655257758A50065A004 /* WeatherRequestManager.swift */ = {isa = PBXFileReference; lastKnownFileType = sourcecode.swift; path = WeatherRequestManager.swift; sourceTree = "<group>"; };
		F2BEBFAB2579820C00474CC5 /* SF-Compact-Display-Bold.otf */ = {isa = PBXFileReference; lastKnownFileType = file; path = "SF-Compact-Display-Bold.otf"; sourceTree = "<group>"; };
		F2BEBFAE25798E5600474CC5 /* SF-Compact-Display-Medium.otf */ = {isa = PBXFileReference; lastKnownFileType = file; path = "SF-Compact-Display-Medium.otf"; sourceTree = "<group>"; };
/* End PBXFileReference section */

/* Begin PBXFrameworksBuildPhase section */
		F2571628257757C60065A004 /* Frameworks */ = {
			isa = PBXFrameworksBuildPhase;
			buildActionMask = 2147483647;
			files = (
			);
			runOnlyForDeploymentPostprocessing = 0;
		};
/* End PBXFrameworksBuildPhase section */

/* Begin PBXGroup section */
		F2571622257757C60065A004 = {
			isa = PBXGroup;
			children = (
				F257162D257757C60065A004 /* MyWeather2 */,
				F257162C257757C60065A004 /* Products */,
			);
			sourceTree = "<group>";
		};
		F257162C257757C60065A004 /* Products */ = {
			isa = PBXGroup;
			children = (
				F257162B257757C60065A004 /* MyWeather2.app */,
			);
			name = Products;
			sourceTree = "<group>";
		};
		F257162D257757C60065A004 /* MyWeather2 */ = {
			isa = PBXGroup;
			children = (
				F257164D257758370065A004 /* Models */,
				F2571644257757EB0065A004 /* App Delegates */,
				F2571646257757F70065A004 /* Controllers */,
				F2571648257757FF0065A004 /* Views */,
				F2571643257757DE0065A004 /* Support Files */,
				F257163C257757C70065A004 /* Info.plist */,
			);
			path = MyWeather2;
			sourceTree = "<group>";
		};
		F2571643257757DE0065A004 /* Support Files */ = {
			isa = PBXGroup;
			children = (
				F2BEBFAB2579820C00474CC5 /* SF-Compact-Display-Bold.otf */,
				F2BEBFAE25798E5600474CC5 /* SF-Compact-Display-Medium.otf */,
				F2571637257757C70065A004 /* Assets.xcassets */,
				F2571639257757C70065A004 /* LaunchScreen.storyboard */,
			);
			path = "Support Files";
			sourceTree = "<group>";
		};
		F2571644257757EB0065A004 /* App Delegates */ = {
			isa = PBXGroup;
			children = (
				F257162E257757C60065A004 /* AppDelegate.swift */,
				F2571630257757C60065A004 /* SceneDelegate.swift */,
			);
			path = "App Delegates";
			sourceTree = "<group>";
		};
		F2571646257757F70065A004 /* Controllers */ = {
			isa = PBXGroup;
			children = (
				F2571632257757C60065A004 /* ViewController.swift */,
			);
			path = Controllers;
			sourceTree = "<group>";
		};
		F2571648257757FF0065A004 /* Views */ = {
			isa = PBXGroup;
			children = (
				F2571634257757C60065A004 /* Main.storyboard */,
			);
			path = Views;
			sourceTree = "<group>";
		};
		F257164D257758370065A004 /* Models */ = {
			isa = PBXGroup;
			children = (
				F2571649257758310065A004 /* WeatherItem.swift */,
				F257164F2577585F0065A004 /* WeatherJson.swift */,
				F25716522577587D0065A004 /* WeatherModel.swift */,
				F2571655257758A50065A004 /* WeatherRequestManager.swift */,
			);
			path = Models;
			sourceTree = "<group>";
		};
/* End PBXGroup section */

/* Begin PBXNativeTarget section */
		F257162A257757C60065A004 /* MyWeather2 */ = {
			isa = PBXNativeTarget;
			buildConfigurationList = F257163F257757C70065A004 /* Build configuration list for PBXNativeTarget "MyWeather2" */;
			buildPhases = (
				F2571627257757C60065A004 /* Sources */,
				F2571628257757C60065A004 /* Frameworks */,
				F2571629257757C60065A004 /* Resources */,
			);
			buildRules = (
			);
			dependencies = (
			);
			name = MyWeather2;
			productName = MyWeather2;
			productReference = F257162B257757C60065A004 /* MyWeather2.app */;
			productType = "com.apple.product-type.application";
		};
/* End PBXNativeTarget section */

/* Begin PBXProject section */
		F2571623257757C60065A004 /* Project object */ = {
			isa = PBXProject;
			attributes = {
				LastSwiftUpdateCheck = 1220;
				LastUpgradeCheck = 1220;
				TargetAttributes = {
					F257162A257757C60065A004 = {
						CreatedOnToolsVersion = 12.2;
					};
				};
			};
			buildConfigurationList = F2571626257757C60065A004 /* Build configuration list for PBXProject "MyWeather2" */;
			compatibilityVersion = "Xcode 9.3";
			developmentRegion = en;
			hasScannedForEncodings = 0;
			knownRegions = (
				en,
				Base,
			);
			mainGroup = F2571622257757C60065A004;
			productRefGroup = F257162C257757C60065A004 /* Products */;
			projectDirPath = "";
			projectRoot = "";
			targets = (
				F257162A257757C60065A004 /* MyWeather2 */,
			);
		};
/* End PBXProject section */

/* Begin PBXResourcesBuildPhase section */
		F2571629257757C60065A004 /* Resources */ = {
			isa = PBXResourcesBuildPhase;
			buildActionMask = 2147483647;
			files = (
				F2BEBFAC2579820C00474CC5 /* SF-Compact-Display-Bold.otf in Resources */,
				F257163B257757C70065A004 /* LaunchScreen.storyboard in Resources */,
				F2571638257757C70065A004 /* Assets.xcassets in Resources */,
				F2BEBFAF25798E5600474CC5 /* SF-Compact-Display-Medium.otf in Resources */,
				F2571636257757C60065A004 /* Main.storyboard in Resources */,
			);
			runOnlyForDeploymentPostprocessing = 0;
		};
/* End PBXResourcesBuildPhase section */

/* Begin PBXSourcesBuildPhase section */
		F2571627257757C60065A004 /* Sources */ = {
			isa = PBXSourcesBuildPhase;
			buildActionMask = 2147483647;
			files = (
				F2571633257757C60065A004 /* ViewController.swift in Sources */,
				F257162F257757C60065A004 /* AppDelegate.swift in Sources */,
				F25716502577585F0065A004 /* WeatherJson.swift in Sources */,
				F2571631257757C60065A004 /* SceneDelegate.swift in Sources */,
				F25716532577587D0065A004 /* WeatherModel.swift in Sources */,
				F2571656257758A50065A004 /* WeatherRequestManager.swift in Sources */,
				F257164A257758310065A004 /* WeatherItem.swift in Sources */,
			);
			runOnlyForDeploymentPostprocessing = 0;
		};
/* End PBXSourcesBuildPhase section */

/* Begin PBXVariantGroup section */
		F2571634257757C60065A004 /* Main.storyboard */ = {
			isa = PBXVariantGroup;
			children = (
				F2571635257757C60065A004 /* Base */,
			);
			name = Main.storyboard;
			sourceTree = "<group>";
		};
		F2571639257757C70065A004 /* LaunchScreen.storyboard */ = {
			isa = PBXVariantGroup;
			children = (
				F257163A257757C70065A004 /* Base */,
			);
			name = LaunchScreen.storyboard;
			sourceTree = "<group>";
		};
/* End PBXVariantGroup section */

/* Begin XCBuildConfiguration section */
		F257163D257757C70065A004 /* Debug */ = {
			isa = XCBuildConfiguration;
			buildSettings = {
				ALWAYS_SEARCH_USER_PATHS = NO;
				CLANG_ANALYZER_NONNULL = YES;
				CLANG_ANALYZER_NUMBER_OBJECT_CONVERSION = YES_AGGRESSIVE;
				CLANG_CXX_LANGUAGE_STANDARD = "gnu++14";
				CLANG_CXX_LIBRARY = "libc++";
				CLANG_ENABLE_MODULES = YES;
				CLANG_ENABLE_OBJC_ARC = YES;
				CLANG_ENABLE_OBJC_WEAK = YES;
				CLANG_WARN_BLOCK_CAPTURE_AUTORELEASING = YES;
				CLANG_WARN_BOOL_CONVERSION = YES;
				CLANG_WARN_COMMA = YES;
				CLANG_WARN_CONSTANT_CONVERSION = YES;
				CLANG_WARN_DEPRECATED_OBJC_IMPLEMENTATIONS = YES;
				CLANG_WARN_DIRECT_OBJC_ISA_USAGE = YES_ERROR;
				CLANG_WARN_DOCUMENTATION_COMMENTS = YES;
				CLANG_WARN_EMPTY_BODY = YES;
				CLANG_WARN_ENUM_CONVERSION = YES;
				CLANG_WARN_INFINITE_RECURSION = YES;
				CLANG_WARN_INT_CONVERSION = YES;
				CLANG_WARN_NON_LITERAL_NULL_CONVERSION = YES;
				CLANG_WARN_OBJC_IMPLICIT_RETAIN_SELF = YES;
				CLANG_WARN_OBJC_LITERAL_CONVERSION = YES;
				CLANG_WARN_OBJC_ROOT_CLASS = YES_ERROR;
				CLANG_WARN_QUOTED_INCLUDE_IN_FRAMEWORK_HEADER = YES;
				CLANG_WARN_RANGE_LOOP_ANALYSIS = YES;
				CLANG_WARN_STRICT_PROTOTYPES = YES;
				CLANG_WARN_SUSPICIOUS_MOVE = YES;
				CLANG_WARN_UNGUARDED_AVAILABILITY = YES_AGGRESSIVE;
				CLANG_WARN_UNREACHABLE_CODE = YES;
				CLANG_WARN__DUPLICATE_METHOD_MATCH = YES;
				COPY_PHASE_STRIP = NO;
				DEBUG_INFORMATION_FORMAT = dwarf;
				ENABLE_STRICT_OBJC_MSGSEND = YES;
				ENABLE_TESTABILITY = YES;
				GCC_C_LANGUAGE_STANDARD = gnu11;
				GCC_DYNAMIC_NO_PIC = NO;
				GCC_NO_COMMON_BLOCKS = YES;
				GCC_OPTIMIZATION_LEVEL = 0;
				GCC_PREPROCESSOR_DEFINITIONS = (
					"DEBUG=1",
					"$(inherited)",
				);
				GCC_WARN_64_TO_32_BIT_CONVERSION = YES;
				GCC_WARN_ABOUT_RETURN_TYPE = YES_ERROR;
				GCC_WARN_UNDECLARED_SELECTOR = YES;
				GCC_WARN_UNINITIALIZED_AUTOS = YES_AGGRESSIVE;
				GCC_WARN_UNUSED_FUNCTION = YES;
				GCC_WARN_UNUSED_VARIABLE = YES;
				IPHONEOS_DEPLOYMENT_TARGET = 14.2;
				MTL_ENABLE_DEBUG_INFO = INCLUDE_SOURCE;
				MTL_FAST_MATH = YES;
				ONLY_ACTIVE_ARCH = YES;
				SDKROOT = iphoneos;
				SWIFT_ACTIVE_COMPILATION_CONDITIONS = DEBUG;
				SWIFT_OPTIMIZATION_LEVEL = "-Onone";
			};
			name = Debug;
		};
		F257163E257757C70065A004 /* Release */ = {
			isa = XCBuildConfiguration;
			buildSettings = {
				ALWAYS_SEARCH_USER_PATHS = NO;
				CLANG_ANALYZER_NONNULL = YES;
				CLANG_ANALYZER_NUMBER_OBJECT_CONVERSION = YES_AGGRESSIVE;
				CLANG_CXX_LANGUAGE_STANDARD = "gnu++14";
				CLANG_CXX_LIBRARY = "libc++";
				CLANG_ENABLE_MODULES = YES;
				CLANG_ENABLE_OBJC_ARC = YES;
				CLANG_ENABLE_OBJC_WEAK = YES;
				CLANG_WARN_BLOCK_CAPTURE_AUTORELEASING = YES;
				CLANG_WARN_BOOL_CONVERSION = YES;
				CLANG_WARN_COMMA = YES;
				CLANG_WARN_CONSTANT_CONVERSION = YES;
				CLANG_WARN_DEPRECATED_OBJC_IMPLEMENTATIONS = YES;
				CLANG_WARN_DIRECT_OBJC_ISA_USAGE = YES_ERROR;
				CLANG_WARN_DOCUMENTATION_COMMENTS = YES;
				CLANG_WARN_EMPTY_BODY = YES;
				CLANG_WARN_ENUM_CONVERSION = YES;
				CLANG_WARN_INFINITE_RECURSION = YES;
				CLANG_WARN_INT_CONVERSION = YES;
				CLANG_WARN_NON_LITERAL_NULL_CONVERSION = YES;
				CLANG_WARN_OBJC_IMPLICIT_RETAIN_SELF = YES;
				CLANG_WARN_OBJC_LITERAL_CONVERSION = YES;
				CLANG_WARN_OBJC_ROOT_CLASS = YES_ERROR;
				CLANG_WARN_QUOTED_INCLUDE_IN_FRAMEWORK_HEADER = YES;
				CLANG_WARN_RANGE_LOOP_ANALYSIS = YES;
				CLANG_WARN_STRICT_PROTOTYPES = YES;
				CLANG_WARN_SUSPICIOUS_MOVE = YES;
				CLANG_WARN_UNGUARDED_AVAILABILITY = YES_AGGRESSIVE;
				CLANG_WARN_UNREACHABLE_CODE = YES;
				CLANG_WARN__DUPLICATE_METHOD_MATCH = YES;
				COPY_PHASE_STRIP = NO;
				DEBUG_INFORMATION_FORMAT = "dwarf-with-dsym";
				ENABLE_NS_ASSERTIONS = NO;
				ENABLE_STRICT_OBJC_MSGSEND = YES;
				GCC_C_LANGUAGE_STANDARD = gnu11;
				GCC_NO_COMMON_BLOCKS = YES;
				GCC_WARN_64_TO_32_BIT_CONVERSION = YES;
				GCC_WARN_ABOUT_RETURN_TYPE = YES_ERROR;
				GCC_WARN_UNDECLARED_SELECTOR = YES;
				GCC_WARN_UNINITIALIZED_AUTOS = YES_AGGRESSIVE;
				GCC_WARN_UNUSED_FUNCTION = YES;
				GCC_WARN_UNUSED_VARIABLE = YES;
				IPHONEOS_DEPLOYMENT_TARGET = 14.2;
				MTL_ENABLE_DEBUG_INFO = NO;
				MTL_FAST_MATH = YES;
				SDKROOT = iphoneos;
				SWIFT_COMPILATION_MODE = wholemodule;
				SWIFT_OPTIMIZATION_LEVEL = "-O";
				VALIDATE_PRODUCT = YES;
			};
			name = Release;
		};
		F2571640257757C70065A004 /* Debug */ = {
			isa = XCBuildConfiguration;
			buildSettings = {
				ASSETCATALOG_COMPILER_APPICON_NAME = AppIcon;
				ASSETCATALOG_COMPILER_GLOBAL_ACCENT_COLOR_NAME = AccentColor;
				CODE_SIGN_STYLE = Automatic;
				DEVELOPMENT_TEAM = 4ZWA8RHS3M;
				INFOPLIST_FILE = MyWeather2/Info.plist;
				IPHONEOS_DEPLOYMENT_TARGET = 14.2;
				LD_RUNPATH_SEARCH_PATHS = (
					"$(inherited)",
					"@executable_path/Frameworks",
				);
				PRODUCT_BUNDLE_IDENTIFIER = com.hanqingliu.MyWeather2;
				PRODUCT_NAME = "$(TARGET_NAME)";
				SWIFT_VERSION = 5.0;
				TARGETED_DEVICE_FAMILY = "1,2";
			};
			name = Debug;
		};
		F2571641257757C70065A004 /* Release */ = {
			isa = XCBuildConfiguration;
			buildSettings = {
				ASSETCATALOG_COMPILER_APPICON_NAME = AppIcon;
				ASSETCATALOG_COMPILER_GLOBAL_ACCENT_COLOR_NAME = AccentColor;
				CODE_SIGN_STYLE = Automatic;
				DEVELOPMENT_TEAM = 4ZWA8RHS3M;
				INFOPLIST_FILE = MyWeather2/Info.plist;
				IPHONEOS_DEPLOYMENT_TARGET = 14.2;
				LD_RUNPATH_SEARCH_PATHS = (
					"$(inherited)",
					"@executable_path/Frameworks",
				);
				PRODUCT_BUNDLE_IDENTIFIER = com.hanqingliu.MyWeather2;
				PRODUCT_NAME = "$(TARGET_NAME)";
				SWIFT_VERSION = 5.0;
				TARGETED_DEVICE_FAMILY = "1,2";
			};
			name = Release;
		};
/* End XCBuildConfiguration section */

/* Begin XCConfigurationList section */
		F2571626257757C60065A004 /* Build configuration list for PBXProject "MyWeather2" */ = {
			isa = XCConfigurationList;
			buildConfigurations = (
				F257163D257757C70065A004 /* Debug */,
				F257163E257757C70065A004 /* Release */,
			);
			defaultConfigurationIsVisible = 0;
			defaultConfigurationName = Release;
		};
		F257163F257757C70065A004 /* Build configuration list for PBXNativeTarget "MyWeather2" */ = {
			isa = XCConfigurationList;
			buildConfigurations = (
				F2571640257757C70065A004 /* Debug */,
				F2571641257757C70065A004 /* Release */,
			);
			defaultConfigurationIsVisible = 0;
			defaultConfigurationName = Release;
		};
/* End XCConfigurationList section */
	};
	rootObject = F2571623257757C60065A004 /* Project object */;
}
